{
    "_readme": [
        "This file locks the dependencies of your project to a known state",
        "Read more about it at https://getcomposer.org/doc/01-basic-usage.md#composer-lock-the-lock-file",
        "This file is @generated automatically"
    ],
    "hash": "ab705676e79db1b27bb0dd88afa6d3da",
    "content-hash": "e98c40bb5123d1a2bdec8fe6f8b4181e",
    "packages": [
        {
            "name": "monolyth/disclosure",
            "version": "2.1.1",
            "source": {
                "type": "git",
                "url": "https://github.com/monolyth-php/disclosure.git",
                "reference": "a7c1a871a5fcfa83168308548ec5fc1f1589b03c"
            },
            "dist": {
                "type": "zip",
                "url": "https://api.github.com/repos/monolyth-php/disclosure/zipball/a7c1a871a5fcfa83168308548ec5fc1f1589b03c",
                "reference": "a7c1a871a5fcfa83168308548ec5fc1f1589b03c",
                "shasum": ""
            },
            "require": {
                "php": ">=5.4"
            },
            "require-dev": {
                "gentry/gentry": "^0.10.1"
            },
            "type": "library",
            "autoload": {
                "psr-4": {
                    "Monolyth\\Disclosure\\": "src",
                    "Psr\\Container\\": "psr"
                }
            },
            "notification-url": "https://packagist.org/downloads/",
            "license": [
                "MIT"
            ],
            "authors": [
                {
                    "name": "Marijn Ophorst",
                    "email": "marijn@monomelodies.nl"
                }
            ],
            "description": "Dependency injection for the Monolyth unframework",
            "keywords": [
                "dependency",
                "injection",
                "monolyth",
                "php"
            ],
            "time": "2017-09-06 15:54:53"
        },
        {
            "name": "ornament/core",
            "version": "0.11.8",
            "source": {
                "type": "git",
                "url": "https://github.com/ornament-orm/core.git",
                "reference": "10c7ccfc965b1e6ce042f8aa266251e0b9fe9061"
            },
            "dist": {
                "type": "zip",
                "url": "https://api.github.com/repos/ornament-orm/core/zipball/10c7ccfc965b1e6ce042f8aa266251e0b9fe9061",
                "reference": "10c7ccfc965b1e6ce042f8aa266251e0b9fe9061",
                "shasum": ""
            },
            "require": {
                "php": ">=7.1",
                "zeptech/annotations": "^1.1"
            },
            "require-dev": {
                "gentry/gentry": "^0.12.0",
                "toast/unit": "^1.3"
            },
            "suggest": {
                "monolyth/formulaic": "PHP5 OO-forms with data binding for (Ornament) models"
            },
            "type": "library",
            "autoload": {
                "psr-4": {
                    "Ornament\\Core\\": "src/"
                }
            },
            "notification-url": "https://packagist.org/downloads/",
            "license": [
                "MIT"
            ],
            "authors": [
                {
                    "name": "Marijn Ophorst",
                    "email": "marijn@monomelodies.nl"
                }
            ],
            "description": "PHP7 ORM toolkit, core package",
            "keywords": [
                "orm",
                "php"
            ],
            "time": "2018-02-04 16:49:17"
        },
        {
            "name": "zeptech/annotations",
            "version": "1.1.0",
            "source": {
                "type": "git",
                "url": "https://github.com/pgraham/php-annotations.git",
                "reference": "9cd042daa9ace184d04b49f0605edf73f19a9c71"
            },
            "dist": {
                "type": "zip",
                "url": "https://api.github.com/repos/pgraham/php-annotations/zipball/9cd042daa9ace184d04b49f0605edf73f19a9c71",
                "reference": "9cd042daa9ace184d04b49f0605edf73f19a9c71",
                "shasum": ""
            },
            "require": {
                "php": ">=5.3.0"
            },
            "type": "library",
            "autoload": {
                "psr-0": {
                    "zpt\\anno": ""
                }
            },
            "notification-url": "https://packagist.org/downloads/",
            "license": [
                "BSD"
            ],
            "authors": [
                {
                    "name": "Philip Graham",
                    "email": "philip@zeptech.ca"
                }
            ],
            "description": "DOC Block annotation parsing for PHP",
            "homepage": "https://github.com/pgraham/php-annotations",
            "keywords": [
                "annotations"
            ],
            "time": "2013-05-29 02:35:23"
        }
    ],
    "packages-dev": [],
    "aliases": [],
    "minimum-stability": "stable",
    "stability-flags": [],
    "prefer-stable": false,
    "prefer-lowest": false,
    "platform": {
        "php": ">=7.2"
    },
    "platform-dev": []
}
